
Microsoft Visual Studio Solution File, Format Version 12.00
# Visual Studio Version 17
VisualStudioVersion = 17.7.34202.233
MinimumVisualStudioVersion = 10.0.40219.1
Project("{2150E333-8FDC-42A3-9474-1A3956D46DE8}") = "Services", "Services", "{D40E3B5E-42D6-4F29-833E-2C93CADA998F}"
EndProject
Project("{2150E333-8FDC-42A3-9474-1A3956D46DE8}") = "Catalog", "Catalog", "{14C6E20A-DF20-4558-90C4-290458FA91D6}"
EndProject
Project("{9A19103F-16F7-4668-BE54-9A1E7A4F7556}") = "MultiShop.Catalog", "Services\Catalog\MultiShop.Catalog\MultiShop.Catalog.csproj", "{A0C19EB4-0719-4007-B1D2-3C783B7F4F5F}"
EndProject
Project("{2150E333-8FDC-42A3-9474-1A3956D46DE8}") = "Discount", "Discount", "{AB0468BC-1304-463B-9529-A0BF66EB4304}"
EndProject
Project("{9A19103F-16F7-4668-BE54-9A1E7A4F7556}") = "MultiShop.Discount", "Services\Discount\MultiShop.Discount\MultiShop.Discount.csproj", "{7957A637-4058-47B0-8223-2B0A2E6E1627}"
EndProject
Project("{2150E333-8FDC-42A3-9474-1A3956D46DE8}") = "Order", "Order", "{57F6F6AB-D116-4C21-B252-9E91485457B5}"
EndProject
Project("{2150E333-8FDC-42A3-9474-1A3956D46DE8}") = "Core", "Core", "{C9CB4BF1-5EAC-4C34-963D-6D0626A2BE5F}"
EndProject
Project("{2150E333-8FDC-42A3-9474-1A3956D46DE8}") = "Infrastructure", "Infrastructure", "{7358F4A2-1937-4EF3-9BA1-8A14C16E60D2}"
EndProject
Project("{2150E333-8FDC-42A3-9474-1A3956D46DE8}") = "Presentation", "Presentation", "{022C6FDC-D9FE-4479-B8BC-9A9762096D5D}"
EndProject
Project("{9A19103F-16F7-4668-BE54-9A1E7A4F7556}") = "MultiShop.Order.Domain", "Services\Order\Core\MultiShop.Order.Domain\MultiShop.Order.Domain.csproj", "{EED28A62-A510-4699-9DC7-BCA2C57C48CB}"
EndProject
Project("{9A19103F-16F7-4668-BE54-9A1E7A4F7556}") = "MultiShop.Order.Application", "Services\Order\Core\MultiShop.Order.Application\MultiShop.Order.Application.csproj", "{080C84EB-990D-49A4-932D-9849F356A5D7}"
EndProject
Project("{9A19103F-16F7-4668-BE54-9A1E7A4F7556}") = "MultiShop.Order.Persistence", "Services\Order\Infrastructure\MultiShop.Order.Persistence\MultiShop.Order.Persistence.csproj", "{D07F4C4A-3400-495F-A94A-EDF885019330}"
EndProject
Project("{9A19103F-16F7-4668-BE54-9A1E7A4F7556}") = "MultiShop.Order.WebApi", "Services\Order\Presentation\MultiShop.Order.WebApi\MultiShop.Order.WebApi.csproj", "{DAB4910B-8888-4512-9ED5-58FA68CB123F}"
EndProject
Project("{2150E333-8FDC-42A3-9474-1A3956D46DE8}") = "IdentityServer", "IdentityServer", "{0EA08B5C-DD04-4C94-A7E2-3F7983705503}"
EndProject
Project("{9A19103F-16F7-4668-BE54-9A1E7A4F7556}") = "MultiShop.IdentityServer", "IdentityServer\MultiShop.IdentityServer\MultiShop.IdentityServer.csproj", "{BBD4FF17-3F7B-4A4C-B309-648EAF96B91A}"
EndProject
Project("{2150E333-8FDC-42A3-9474-1A3956D46DE8}") = "Requirements", "Requirements", "{62B3FE33-FF8A-4759-B1F1-F9FEF82E5D5D}"
	ProjectSection(SolutionItems) = preProject
		Ports.txt = Ports.txt
	EndProjectSection
EndProject
Project("{2150E333-8FDC-42A3-9474-1A3956D46DE8}") = "Cargo", "Cargo", "{FAF1A053-D72B-4927-9C24-A70C3FC0C233}"
EndProject
Project("{9A19103F-16F7-4668-BE54-9A1E7A4F7556}") = "MultiShop.Cargo.EntityLayer", "Services\Cargo\MultiShop.Cargo.EntityLayer\MultiShop.Cargo.EntityLayer.csproj", "{E5108E9E-22A6-494A-9714-97B847C9FDB2}"
EndProject
Project("{9A19103F-16F7-4668-BE54-9A1E7A4F7556}") = "MultiShop.Cargo.BusinessLayer", "Services\Cargo\MultiShop.Cargo.BusinessLayer\MultiShop.Cargo.BusinessLayer.csproj", "{AC80464D-F9C7-44BD-874A-3E7EC7962407}"
EndProject
Project("{9A19103F-16F7-4668-BE54-9A1E7A4F7556}") = "MultiShop.Cargo.DataAccessLayer", "Services\Cargo\MultiShop.Cargo.DataAccessLayer\MultiShop.Cargo.DataAccessLayer.csproj", "{C24A5EBF-0FDD-4DF2-ACE0-3702413D7EAF}"
EndProject
Project("{9A19103F-16F7-4668-BE54-9A1E7A4F7556}") = "MultiShop.Cargo.DtoLayer", "Services\Cargo\MultiShop.Cargo.DtoLayer\MultiShop.Cargo.DtoLayer.csproj", "{A37BB85B-145B-4CFD-80FE-6E1919775134}"
EndProject
Project("{9A19103F-16F7-4668-BE54-9A1E7A4F7556}") = "MultiShop.Cargo.WebApi", "Services\Cargo\MultiShop.Cargo.WebApi\MultiShop.Cargo.WebApi.csproj", "{F01567C2-57E6-4063-90BA-C4612F113C67}"
EndProject
Project("{2150E333-8FDC-42A3-9474-1A3956D46DE8}") = "Basket", "Basket", "{2B9C2F51-7BB5-4E9D-A651-7EE17D06B888}"
EndProject
Project("{9A19103F-16F7-4668-BE54-9A1E7A4F7556}") = "MultiShop.Basket", "Services\Basket\MultiShop.Basket\MultiShop.Basket.csproj", "{872CA323-5B3D-4539-AC61-5D9DC6959A99}"
EndProject
Project("{2150E333-8FDC-42A3-9474-1A3956D46DE8}") = "Frontends", "Frontends", "{D5723FEF-F80E-439B-9BF7-76F4DFB18646}"
EndProject
Project("{9A19103F-16F7-4668-BE54-9A1E7A4F7556}") = "MultiShop.WebUI", "WebApplication1\MultiShop.WebUI.csproj", "{186F8D4A-66A5-4BC8-B216-BB8DDBDF746D}"
EndProject
Project("{FAE04EC0-301F-11D3-BF4B-00C04F79EFBC}") = "MultiShop.DtoLayer", "Frontends\MultiShop.DtoLayer\MultiShop.DtoLayer.csproj", "{7A38D17F-2555-4D71-ADE0-BABB31F5AC74}"
EndProject
Global
	GlobalSection(SolutionConfigurationPlatforms) = preSolution
		Debug|Any CPU = Debug|Any CPU
		Release|Any CPU = Release|Any CPU
	EndGlobalSection
	GlobalSection(ProjectConfigurationPlatforms) = postSolution
		{A0C19EB4-0719-4007-B1D2-3C783B7F4F5F}.Debug|Any CPU.ActiveCfg = Debug|Any CPU
		{A0C19EB4-0719-4007-B1D2-3C783B7F4F5F}.Debug|Any CPU.Build.0 = Debug|Any CPU
		{A0C19EB4-0719-4007-B1D2-3C783B7F4F5F}.Release|Any CPU.ActiveCfg = Release|Any CPU
		{A0C19EB4-0719-4007-B1D2-3C783B7F4F5F}.Release|Any CPU.Build.0 = Release|Any CPU
		{7957A637-4058-47B0-8223-2B0A2E6E1627}.Debug|Any CPU.ActiveCfg = Debug|Any CPU
		{7957A637-4058-47B0-8223-2B0A2E6E1627}.Debug|Any CPU.Build.0 = Debug|Any CPU
		{7957A637-4058-47B0-8223-2B0A2E6E1627}.Release|Any CPU.ActiveCfg = Release|Any CPU
		{7957A637-4058-47B0-8223-2B0A2E6E1627}.Release|Any CPU.Build.0 = Release|Any CPU
		{EED28A62-A510-4699-9DC7-BCA2C57C48CB}.Debug|Any CPU.ActiveCfg = Debug|Any CPU
		{EED28A62-A510-4699-9DC7-BCA2C57C48CB}.Debug|Any CPU.Build.0 = Debug|Any CPU
		{EED28A62-A510-4699-9DC7-BCA2C57C48CB}.Release|Any CPU.ActiveCfg = Release|Any CPU
		{EED28A62-A510-4699-9DC7-BCA2C57C48CB}.Release|Any CPU.Build.0 = Release|Any CPU
		{080C84EB-990D-49A4-932D-9849F356A5D7}.Debug|Any CPU.ActiveCfg = Debug|Any CPU
		{080C84EB-990D-49A4-932D-9849F356A5D7}.Debug|Any CPU.Build.0 = Debug|Any CPU
		{080C84EB-990D-49A4-932D-9849F356A5D7}.Release|Any CPU.ActiveCfg = Release|Any CPU
		{080C84EB-990D-49A4-932D-9849F356A5D7}.Release|Any CPU.Build.0 = Release|Any CPU
		{D07F4C4A-3400-495F-A94A-EDF885019330}.Debug|Any CPU.ActiveCfg = Debug|Any CPU
		{D07F4C4A-3400-495F-A94A-EDF885019330}.Debug|Any CPU.Build.0 = Debug|Any CPU
		{D07F4C4A-3400-495F-A94A-EDF885019330}.Release|Any CPU.ActiveCfg = Release|Any CPU
		{D07F4C4A-3400-495F-A94A-EDF885019330}.Release|Any CPU.Build.0 = Release|Any CPU
		{DAB4910B-8888-4512-9ED5-58FA68CB123F}.Debug|Any CPU.ActiveCfg = Debug|Any CPU
		{DAB4910B-8888-4512-9ED5-58FA68CB123F}.Debug|Any CPU.Build.0 = Debug|Any CPU
		{DAB4910B-8888-4512-9ED5-58FA68CB123F}.Release|Any CPU.ActiveCfg = Release|Any CPU
		{DAB4910B-8888-4512-9ED5-58FA68CB123F}.Release|Any CPU.Build.0 = Release|Any CPU
		{BBD4FF17-3F7B-4A4C-B309-648EAF96B91A}.Debug|Any CPU.ActiveCfg = Debug|Any CPU
		{BBD4FF17-3F7B-4A4C-B309-648EAF96B91A}.Debug|Any CPU.Build.0 = Debug|Any CPU
		{BBD4FF17-3F7B-4A4C-B309-648EAF96B91A}.Release|Any CPU.ActiveCfg = Release|Any CPU
		{BBD4FF17-3F7B-4A4C-B309-648EAF96B91A}.Release|Any CPU.Build.0 = Release|Any CPU
		{E5108E9E-22A6-494A-9714-97B847C9FDB2}.Debug|Any CPU.ActiveCfg = Debug|Any CPU
		{E5108E9E-22A6-494A-9714-97B847C9FDB2}.Debug|Any CPU.Build.0 = Debug|Any CPU
		{E5108E9E-22A6-494A-9714-97B847C9FDB2}.Release|Any CPU.ActiveCfg = Release|Any CPU
		{E5108E9E-22A6-494A-9714-97B847C9FDB2}.Release|Any CPU.Build.0 = Release|Any CPU
		{AC80464D-F9C7-44BD-874A-3E7EC7962407}.Debug|Any CPU.ActiveCfg = Debug|Any CPU
		{AC80464D-F9C7-44BD-874A-3E7EC7962407}.Debug|Any CPU.Build.0 = Debug|Any CPU
		{AC80464D-F9C7-44BD-874A-3E7EC7962407}.Release|Any CPU.ActiveCfg = Release|Any CPU
		{AC80464D-F9C7-44BD-874A-3E7EC7962407}.Release|Any CPU.Build.0 = Release|Any CPU
		{C24A5EBF-0FDD-4DF2-ACE0-3702413D7EAF}.Debug|Any CPU.ActiveCfg = Debug|Any CPU
		{C24A5EBF-0FDD-4DF2-ACE0-3702413D7EAF}.Debug|Any CPU.Build.0 = Debug|Any CPU
		{C24A5EBF-0FDD-4DF2-ACE0-3702413D7EAF}.Release|Any CPU.ActiveCfg = Release|Any CPU
		{C24A5EBF-0FDD-4DF2-ACE0-3702413D7EAF}.Release|Any CPU.Build.0 = Release|Any CPU
		{A37BB85B-145B-4CFD-80FE-6E1919775134}.Debug|Any CPU.ActiveCfg = Debug|Any CPU
		{A37BB85B-145B-4CFD-80FE-6E1919775134}.Debug|Any CPU.Build.0 = Debug|Any CPU
		{A37BB85B-145B-4CFD-80FE-6E1919775134}.Release|Any CPU.ActiveCfg = Release|Any CPU
		{A37BB85B-145B-4CFD-80FE-6E1919775134}.Release|Any CPU.Build.0 = Release|Any CPU
		{F01567C2-57E6-4063-90BA-C4612F113C67}.Debug|Any CPU.ActiveCfg = Debug|Any CPU
		{F01567C2-57E6-4063-90BA-C4612F113C67}.Debug|Any CPU.Build.0 = Debug|Any CPU
		{F01567C2-57E6-4063-90BA-C4612F113C67}.Release|Any CPU.ActiveCfg = Release|Any CPU
		{F01567C2-57E6-4063-90BA-C4612F113C67}.Release|Any CPU.Build.0 = Release|Any CPU
		{872CA323-5B3D-4539-AC61-5D9DC6959A99}.Debug|Any CPU.ActiveCfg = Debug|Any CPU
		{872CA323-5B3D-4539-AC61-5D9DC6959A99}.Debug|Any CPU.Build.0 = Debug|Any CPU
		{872CA323-5B3D-4539-AC61-5D9DC6959A99}.Release|Any CPU.ActiveCfg = Release|Any CPU
		{872CA323-5B3D-4539-AC61-5D9DC6959A99}.Release|Any CPU.Build.0 = Release|Any CPU
		{186F8D4A-66A5-4BC8-B216-BB8DDBDF746D}.Debug|Any CPU.ActiveCfg = Debug|Any CPU
		{186F8D4A-66A5-4BC8-B216-BB8DDBDF746D}.Debug|Any CPU.Build.0 = Debug|Any CPU
		{186F8D4A-66A5-4BC8-B216-BB8DDBDF746D}.Release|Any CPU.ActiveCfg = Release|Any CPU
		{186F8D4A-66A5-4BC8-B216-BB8DDBDF746D}.Release|Any CPU.Build.0 = Release|Any CPU
		{7A38D17F-2555-4D71-ADE0-BABB31F5AC74}.Debug|Any CPU.ActiveCfg = Debug|Any CPU
		{7A38D17F-2555-4D71-ADE0-BABB31F5AC74}.Debug|Any CPU.Build.0 = Debug|Any CPU
		{7A38D17F-2555-4D71-ADE0-BABB31F5AC74}.Release|Any CPU.ActiveCfg = Release|Any CPU
		{7A38D17F-2555-4D71-ADE0-BABB31F5AC74}.Release|Any CPU.Build.0 = Release|Any CPU
	EndGlobalSection
	GlobalSection(SolutionProperties) = preSolution
		HideSolutionNode = FALSE
	EndGlobalSection
	GlobalSection(NestedProjects) = preSolution
		{14C6E20A-DF20-4558-90C4-290458FA91D6} = {D40E3B5E-42D6-4F29-833E-2C93CADA998F}
		{A0C19EB4-0719-4007-B1D2-3C783B7F4F5F} = {14C6E20A-DF20-4558-90C4-290458FA91D6}
		{AB0468BC-1304-463B-9529-A0BF66EB4304} = {D40E3B5E-42D6-4F29-833E-2C93CADA998F}
		{7957A637-4058-47B0-8223-2B0A2E6E1627} = {AB0468BC-1304-463B-9529-A0BF66EB4304}
		{57F6F6AB-D116-4C21-B252-9E91485457B5} = {D40E3B5E-42D6-4F29-833E-2C93CADA998F}
		{C9CB4BF1-5EAC-4C34-963D-6D0626A2BE5F} = {57F6F6AB-D116-4C21-B252-9E91485457B5}
		{7358F4A2-1937-4EF3-9BA1-8A14C16E60D2} = {57F6F6AB-D116-4C21-B252-9E91485457B5}
		{022C6FDC-D9FE-4479-B8BC-9A9762096D5D} = {57F6F6AB-D116-4C21-B252-9E91485457B5}
		{EED28A62-A510-4699-9DC7-BCA2C57C48CB} = {C9CB4BF1-5EAC-4C34-963D-6D0626A2BE5F}
		{080C84EB-990D-49A4-932D-9849F356A5D7} = {C9CB4BF1-5EAC-4C34-963D-6D0626A2BE5F}
		{D07F4C4A-3400-495F-A94A-EDF885019330} = {7358F4A2-1937-4EF3-9BA1-8A14C16E60D2}
		{DAB4910B-8888-4512-9ED5-58FA68CB123F} = {022C6FDC-D9FE-4479-B8BC-9A9762096D5D}
		{BBD4FF17-3F7B-4A4C-B309-648EAF96B91A} = {0EA08B5C-DD04-4C94-A7E2-3F7983705503}
		{FAF1A053-D72B-4927-9C24-A70C3FC0C233} = {D40E3B5E-42D6-4F29-833E-2C93CADA998F}
		{E5108E9E-22A6-494A-9714-97B847C9FDB2} = {FAF1A053-D72B-4927-9C24-A70C3FC0C233}
		{AC80464D-F9C7-44BD-874A-3E7EC7962407} = {FAF1A053-D72B-4927-9C24-A70C3FC0C233}
		{C24A5EBF-0FDD-4DF2-ACE0-3702413D7EAF} = {FAF1A053-D72B-4927-9C24-A70C3FC0C233}
		{A37BB85B-145B-4CFD-80FE-6E1919775134} = {FAF1A053-D72B-4927-9C24-A70C3FC0C233}
		{F01567C2-57E6-4063-90BA-C4612F113C67} = {FAF1A053-D72B-4927-9C24-A70C3FC0C233}
		{2B9C2F51-7BB5-4E9D-A651-7EE17D06B888} = {D40E3B5E-42D6-4F29-833E-2C93CADA998F}
		{872CA323-5B3D-4539-AC61-5D9DC6959A99} = {2B9C2F51-7BB5-4E9D-A651-7EE17D06B888}
		{186F8D4A-66A5-4BC8-B216-BB8DDBDF746D} = {D5723FEF-F80E-439B-9BF7-76F4DFB18646}
		{7A38D17F-2555-4D71-ADE0-BABB31F5AC74} = {D5723FEF-F80E-439B-9BF7-76F4DFB18646}
	EndGlobalSection
	GlobalSection(ExtensibilityGlobals) = postSolution
		SolutionGuid = {95203664-BBB6-4268-8CB3-617FD9CB2050}
	EndGlobalSection
EndGlobal
